// !$*UTF8*$!
{
	archiveVersion = 1;
	classes = {
	};
	objectVersion = 46;
	objects = {

/* Begin PBXBuildFile section */
		27441F4C1F08206F00DD0EA0 /* KVOController.swift in Sources */ = {isa = PBXBuildFile; fileRef = 27441F4B1F08206F00DD0EA0 /* KVOController.swift */; };
		27441F4E1F09906900DD0EA0 /* ClassStructViewController.swift in Sources */ = {isa = PBXBuildFile; fileRef = 27441F4D1F09906800DD0EA0 /* ClassStructViewController.swift */; };
		27441F501F09989B00DD0EA0 /* SwizzleViewController.swift in Sources */ = {isa = PBXBuildFile; fileRef = 27441F4F1F09989B00DD0EA0 /* SwizzleViewController.swift */; };
		27441F521F0C304D00DD0EA0 /* SwizzleView.swift in Sources */ = {isa = PBXBuildFile; fileRef = 27441F511F0C304D00DD0EA0 /* SwizzleView.swift */; };
		274481DB20FBC0E200EC2E25 /* Extensions.swift in Sources */ = {isa = PBXBuildFile; fileRef = 274481DA20FBC0E200EC2E25 /* Extensions.swift */; };
		27556CCB202E8D6B00716A6E /* OperationQueueViewController.swift in Sources */ = {isa = PBXBuildFile; fileRef = 27556CCA202E8D6B00716A6E /* OperationQueueViewController.swift */; };
		27556CCD202EA1F100716A6E /* GlobalFunctions.swift in Sources */ = {isa = PBXBuildFile; fileRef = 27556CCC202EA1F100716A6E /* GlobalFunctions.swift */; };
		27769E881EFDA33D0028A967 /* LogDebugging.swift in Sources */ = {isa = PBXBuildFile; fileRef = 27769E871EFDA33D0028A967 /* LogDebugging.swift */; };
		27769E8A1F006EBB0028A967 /* MapViewController.swift in Sources */ = {isa = PBXBuildFile; fileRef = 27769E891F006EBB0028A967 /* MapViewController.swift */; };
		27AFA0CA20CC3D6000D83645 /* ThreadSafety.swift in Sources */ = {isa = PBXBuildFile; fileRef = 27AFA0C920CC3D6000D83645 /* ThreadSafety.swift */; };
		27AFA0CC20CC3E0C00D83645 /* CustomServerClientViewController.swift in Sources */ = {isa = PBXBuildFile; fileRef = 27AFA0CB20CC3E0C00D83645 /* CustomServerClientViewController.swift */; };
		27C29C36207079A2006966E3 /* Character.swift in Sources */ = {isa = PBXBuildFile; fileRef = 27C29C35207079A1006966E3 /* Character.swift */; };
		27F9EA602055AB9D00E1754F /* SceneKitViewController.swift in Sources */ = {isa = PBXBuildFile; fileRef = 27F9EA5F2055AB9D00E1754F /* SceneKitViewController.swift */; };
		27FE19B21EFC5CD100ACDA6E /* AppDelegate.swift in Sources */ = {isa = PBXBuildFile; fileRef = 27FE19B11EFC5CD100ACDA6E /* AppDelegate.swift */; };
		27FE19B41EFC5CD100ACDA6E /* ViewController.swift in Sources */ = {isa = PBXBuildFile; fileRef = 27FE19B31EFC5CD100ACDA6E /* ViewController.swift */; };
		27FE19B71EFC5CD100ACDA6E /* Main.storyboard in Resources */ = {isa = PBXBuildFile; fileRef = 27FE19B51EFC5CD100ACDA6E /* Main.storyboard */; };
		27FE19B91EFC5CD100ACDA6E /* Assets.xcassets in Resources */ = {isa = PBXBuildFile; fileRef = 27FE19B81EFC5CD100ACDA6E /* Assets.xcassets */; };
		27FE19BC1EFC5CD100ACDA6E /* LaunchScreen.storyboard in Resources */ = {isa = PBXBuildFile; fileRef = 27FE19BA1EFC5CD100ACDA6E /* LaunchScreen.storyboard */; };
		27FE19C41EFC5FDD00ACDA6E /* Node.swift in Sources */ = {isa = PBXBuildFile; fileRef = 27FE19C31EFC5FDD00ACDA6E /* Node.swift */; };
		27FE19C61EFC601B00ACDA6E /* StackController.swift in Sources */ = {isa = PBXBuildFile; fileRef = 27FE19C51EFC601B00ACDA6E /* StackController.swift */; };
		27FE19C81EFC606100ACDA6E /* User.swift in Sources */ = {isa = PBXBuildFile; fileRef = 27FE19C71EFC606100ACDA6E /* User.swift */; };
/* End PBXBuildFile section */

/* Begin PBXFileReference section */
		27441F4B1F08206F00DD0EA0 /* KVOController.swift */ = {isa = PBXFileReference; fileEncoding = 4; lastKnownFileType = sourcecode.swift; path = KVOController.swift; sourceTree = "<group>"; };
		27441F4D1F09906800DD0EA0 /* ClassStructViewController.swift */ = {isa = PBXFileReference; fileEncoding = 4; lastKnownFileType = sourcecode.swift; path = ClassStructViewController.swift; sourceTree = "<group>"; };
		27441F4F1F09989B00DD0EA0 /* SwizzleViewController.swift */ = {isa = PBXFileReference; fileEncoding = 4; lastKnownFileType = sourcecode.swift; path = SwizzleViewController.swift; sourceTree = "<group>"; };
		27441F511F0C304D00DD0EA0 /* SwizzleView.swift */ = {isa = PBXFileReference; fileEncoding = 4; lastKnownFileType = sourcecode.swift; path = SwizzleView.swift; sourceTree = "<group>"; };
		274481DA20FBC0E200EC2E25 /* Extensions.swift */ = {isa = PBXFileReference; lastKnownFileType = sourcecode.swift; path = Extensions.swift; sourceTree = "<group>"; };
		27556CCA202E8D6B00716A6E /* OperationQueueViewController.swift */ = {isa = PBXFileReference; lastKnownFileType = sourcecode.swift; path = OperationQueueViewController.swift; sourceTree = "<group>"; };
		27556CCC202EA1F100716A6E /* GlobalFunctions.swift */ = {isa = PBXFileReference; lastKnownFileType = sourcecode.swift; path = GlobalFunctions.swift; sourceTree = "<group>"; };
		27769E871EFDA33D0028A967 /* LogDebugging.swift */ = {isa = PBXFileReference; fileEncoding = 4; lastKnownFileType = sourcecode.swift; path = LogDebugging.swift; sourceTree = "<group>"; };
		27769E891F006EBB0028A967 /* MapViewController.swift */ = {isa = PBXFileReference; fileEncoding = 4; lastKnownFileType = sourcecode.swift; path = MapViewController.swift; sourceTree = "<group>"; };
		27AFA0C920CC3D6000D83645 /* ThreadSafety.swift */ = {isa = PBXFileReference; lastKnownFileType = sourcecode.swift; path = ThreadSafety.swift; sourceTree = "<group>"; };
		27AFA0CB20CC3E0C00D83645 /* CustomServerClientViewController.swift */ = {isa = PBXFileReference; lastKnownFileType = sourcecode.swift; path = CustomServerClientViewController.swift; sourceTree = "<group>"; };
		27C29C35207079A1006966E3 /* Character.swift */ = {isa = PBXFileReference; lastKnownFileType = sourcecode.swift; path = Character.swift; sourceTree = "<group>"; };
		27F9EA5F2055AB9D00E1754F /* SceneKitViewController.swift */ = {isa = PBXFileReference; lastKnownFileType = sourcecode.swift; path = SceneKitViewController.swift; sourceTree = "<group>"; };
		27FE19AE1EFC5CD100ACDA6E /* Nodetastic.app */ = {isa = PBXFileReference; explicitFileType = wrapper.application; includeInIndex = 0; path = Nodetastic.app; sourceTree = BUILT_PRODUCTS_DIR; };
		27FE19B11EFC5CD100ACDA6E /* AppDelegate.swift */ = {isa = PBXFileReference; lastKnownFileType = sourcecode.swift; path = AppDelegate.swift; sourceTree = "<group>"; };
		27FE19B31EFC5CD100ACDA6E /* ViewController.swift */ = {isa = PBXFileReference; lastKnownFileType = sourcecode.swift; path = ViewController.swift; sourceTree = "<group>"; };
		27FE19B61EFC5CD100ACDA6E /* Base */ = {isa = PBXFileReference; lastKnownFileType = file.storyboard; name = Base; path = Base.lproj/Main.storyboard; sourceTree = "<group>"; };
		27FE19B81EFC5CD100ACDA6E /* Assets.xcassets */ = {isa = PBXFileReference; lastKnownFileType = folder.assetcatalog; path = Assets.xcassets; sourceTree = "<group>"; };
		27FE19BB1EFC5CD100ACDA6E /* Base */ = {isa = PBXFileReference; lastKnownFileType = file.storyboard; name = Base; path = Base.lproj/LaunchScreen.storyboard; sourceTree = "<group>"; };
		27FE19BD1EFC5CD100ACDA6E /* Info.plist */ = {isa = PBXFileReference; lastKnownFileType = text.plist.xml; path = Info.plist; sourceTree = "<group>"; };
		27FE19C31EFC5FDD00ACDA6E /* Node.swift */ = {isa = PBXFileReference; fileEncoding = 4; lastKnownFileType = sourcecode.swift; path = Node.swift; sourceTree = "<group>"; };
		27FE19C51EFC601B00ACDA6E /* StackController.swift */ = {isa = PBXFileReference; fileEncoding = 4; lastKnownFileType = sourcecode.swift; path = StackController.swift; sourceTree = "<group>"; };
		27FE19C71EFC606100ACDA6E /* User.swift */ = {isa = PBXFileReference; fileEncoding = 4; lastKnownFileType = sourcecode.swift; path = User.swift; sourceTree = "<group>"; };
/* End PBXFileReference section */

/* Begin PBXFrameworksBuildPhase section */
		27FE19AB1EFC5CD100ACDA6E /* Frameworks */ = {
			isa = PBXFrameworksBuildPhase;
			buildActionMask = 2147483647;
			files = (
			);
			runOnlyForDeploymentPostprocessing = 0;
		};
/* End PBXFrameworksBuildPhase section */

/* Begin PBXGroup section */
		27FE19A51EFC5CD100ACDA6E = {
			isa = PBXGroup;
			children = (
				27FE19B01EFC5CD100ACDA6E /* Nodetastic */,
				27FE19AF1EFC5CD100ACDA6E /* Products */,
			);
			sourceTree = "<group>";
		};
		27FE19AF1EFC5CD100ACDA6E /* Products */ = {
			isa = PBXGroup;
			children = (
				27FE19AE1EFC5CD100ACDA6E /* Nodetastic.app */,
			);
			name = Products;
			sourceTree = "<group>";
		};
		27FE19B01EFC5CD100ACDA6E /* Nodetastic */ = {
			isa = PBXGroup;
			children = (
				27FE19B11EFC5CD100ACDA6E /* AppDelegate.swift */,
				27FE19B31EFC5CD100ACDA6E /* ViewController.swift */,
				27AFA0CB20CC3E0C00D83645 /* CustomServerClientViewController.swift */,
				274481DA20FBC0E200EC2E25 /* Extensions.swift */,
				27769E891F006EBB0028A967 /* MapViewController.swift */,
				27441F4D1F09906800DD0EA0 /* ClassStructViewController.swift */,
				27556CCA202E8D6B00716A6E /* OperationQueueViewController.swift */,
				27AFA0C920CC3D6000D83645 /* ThreadSafety.swift */,
				27C29C35207079A1006966E3 /* Character.swift */,
				27441F4F1F09989B00DD0EA0 /* SwizzleViewController.swift */,
				27441F511F0C304D00DD0EA0 /* SwizzleView.swift */,
				27441F4B1F08206F00DD0EA0 /* KVOController.swift */,
				27FE19C31EFC5FDD00ACDA6E /* Node.swift */,
				27FE19C71EFC606100ACDA6E /* User.swift */,
				27556CCC202EA1F100716A6E /* GlobalFunctions.swift */,
				27FE19C51EFC601B00ACDA6E /* StackController.swift */,
				27769E871EFDA33D0028A967 /* LogDebugging.swift */,
				27F9EA5F2055AB9D00E1754F /* SceneKitViewController.swift */,
				27FE19B51EFC5CD100ACDA6E /* Main.storyboard */,
				27FE19B81EFC5CD100ACDA6E /* Assets.xcassets */,
				27FE19BA1EFC5CD100ACDA6E /* LaunchScreen.storyboard */,
				27FE19BD1EFC5CD100ACDA6E /* Info.plist */,
			);
			path = Nodetastic;
			sourceTree = "<group>";
		};
/* End PBXGroup section */

/* Begin PBXNativeTarget section */
		27FE19AD1EFC5CD100ACDA6E /* Nodetastic */ = {
			isa = PBXNativeTarget;
			buildConfigurationList = 27FE19C01EFC5CD100ACDA6E /* Build configuration list for PBXNativeTarget "Nodetastic" */;
			buildPhases = (
				27FE19AA1EFC5CD100ACDA6E /* Sources */,
				27FE19AB1EFC5CD100ACDA6E /* Frameworks */,
				27FE19AC1EFC5CD100ACDA6E /* Resources */,
			);
			buildRules = (
			);
			dependencies = (
			);
			name = Nodetastic;
			productName = Nodetastic;
			productReference = 27FE19AE1EFC5CD100ACDA6E /* Nodetastic.app */;
			productType = "com.apple.product-type.application";
		};
/* End PBXNativeTarget section */

/* Begin PBXProject section */
		27FE19A61EFC5CD100ACDA6E /* Project object */ = {
			isa = PBXProject;
			attributes = {
				LastSwiftUpdateCheck = 0830;
				LastUpgradeCheck = 0830;
				ORGANIZATIONNAME = EthanHess;
				TargetAttributes = {
					27FE19AD1EFC5CD100ACDA6E = {
						CreatedOnToolsVersion = 8.3.2;
						DevelopmentTeam = 63ARTNG4RQ;
						ProvisioningStyle = Automatic;
					};
				};
			};
			buildConfigurationList = 27FE19A91EFC5CD100ACDA6E /* Build configuration list for PBXProject "Nodetastic" */;
			compatibilityVersion = "Xcode 3.2";
			developmentRegion = English;
			hasScannedForEncodings = 0;
			knownRegions = (
				en,
				Base,
			);
			mainGroup = 27FE19A51EFC5CD100ACDA6E;
			productRefGroup = 27FE19AF1EFC5CD100ACDA6E /* Products */;
			projectDirPath = "";
			projectRoot = "";
			targets = (
				27FE19AD1EFC5CD100ACDA6E /* Nodetastic */,
			);
		};
/* End PBXProject section */

/* Begin PBXResourcesBuildPhase section */
		27FE19AC1EFC5CD100ACDA6E /* Resources */ = {
			isa = PBXResourcesBuildPhase;
			buildActionMask = 2147483647;
			files = (
				27FE19BC1EFC5CD100ACDA6E /* LaunchScreen.storyboard in Resources */,
				27FE19B91EFC5CD100ACDA6E /* Assets.xcassets in Resources */,
				27FE19B71EFC5CD100ACDA6E /* Main.storyboard in Resources */,
			);
			runOnlyForDeploymentPostprocessing = 0;
		};
/* End PBXResourcesBuildPhase section */

/* Begin PBXSourcesBuildPhase section */
		27FE19AA1EFC5CD100ACDA6E /* Sources */ = {
			isa = PBXSourcesBuildPhase;
			buildActionMask = 2147483647;
			files = (
				27441F4E1F09906900DD0EA0 /* ClassStructViewController.swift in Sources */,
				274481DB20FBC0E200EC2E25 /* Extensions.swift in Sources */,
				27AFA0CC20CC3E0C00D83645 /* CustomServerClientViewController.swift in Sources */,
				27AFA0CA20CC3D6000D83645 /* ThreadSafety.swift in Sources */,
				27FE19C41EFC5FDD00ACDA6E /* Node.swift in Sources */,
				27556CCB202E8D6B00716A6E /* OperationQueueViewController.swift in Sources */,
				27FE19B41EFC5CD100ACDA6E /* ViewController.swift in Sources */,
				27441F4C1F08206F00DD0EA0 /* KVOController.swift in Sources */,
				27FE19C61EFC601B00ACDA6E /* StackController.swift in Sources */,
				27FE19C81EFC606100ACDA6E /* User.swift in Sources */,
				27FE19B21EFC5CD100ACDA6E /* AppDelegate.swift in Sources */,
				27F9EA602055AB9D00E1754F /* SceneKitViewController.swift in Sources */,
				27441F521F0C304D00DD0EA0 /* SwizzleView.swift in Sources */,
				27441F501F09989B00DD0EA0 /* SwizzleViewController.swift in Sources */,
				27769E881EFDA33D0028A967 /* LogDebugging.swift in Sources */,
				27C29C36207079A2006966E3 /* Character.swift in Sources */,
				27769E8A1F006EBB0028A967 /* MapViewController.swift in Sources */,
				27556CCD202EA1F100716A6E /* GlobalFunctions.swift in Sources */,
			);
			runOnlyForDeploymentPostprocessing = 0;
		};
/* End PBXSourcesBuildPhase section */

/* Begin PBXVariantGroup section */
		27FE19B51EFC5CD100ACDA6E /* Main.storyboard */ = {
			isa = PBXVariantGroup;
			children = (
				27FE19B61EFC5CD100ACDA6E /* Base */,
			);
			name = Main.storyboard;
			sourceTree = "<group>";
		};
		27FE19BA1EFC5CD100ACDA6E /* LaunchScreen.storyboard */ = {
			isa = PBXVariantGroup;
			children = (
				27FE19BB1EFC5CD100ACDA6E /* Base */,
			);
			name = LaunchScreen.storyboard;
			sourceTree = "<group>";
		};
/* End PBXVariantGroup section */

/* Begin XCBuildConfiguration section */
		27FE19BE1EFC5CD100ACDA6E /* Debug */ = {
			isa = XCBuildConfiguration;
			buildSettings = {
				ALWAYS_SEARCH_USER_PATHS = NO;
				CLANG_ANALYZER_NONNULL = YES;
				CLANG_ANALYZER_NUMBER_OBJECT_CONVERSION = YES_AGGRESSIVE;
				CLANG_CXX_LANGUAGE_STANDARD = "gnu++0x";
				CLANG_CXX_LIBRARY = "libc++";
				CLANG_ENABLE_MODULES = YES;
				CLANG_ENABLE_OBJC_ARC = YES;
				CLANG_WARN_BOOL_CONVERSION = YES;
				CLANG_WARN_CONSTANT_CONVERSION = YES;
				CLANG_WARN_DIRECT_OBJC_ISA_USAGE = YES_ERROR;
				CLANG_WARN_DOCUMENTATION_COMMENTS = YES;
				CLANG_WARN_EMPTY_BODY = YES;
				CLANG_WARN_ENUM_CONVERSION = YES;
				CLANG_WARN_INFINITE_RECURSION = YES;
				CLANG_WARN_INT_CONVERSION = YES;
				CLANG_WARN_OBJC_ROOT_CLASS = YES_ERROR;
				CLANG_WARN_SUSPICIOUS_MOVE = YES;
				CLANG_WARN_UNREACHABLE_CODE = YES;
				CLANG_WARN__DUPLICATE_METHOD_MATCH = YES;
				"CODE_SIGN_IDENTITY[sdk=iphoneos*]" = "iPhone Developer";
				COPY_PHASE_STRIP = NO;
				DEBUG_INFORMATION_FORMAT = dwarf;
				ENABLE_STRICT_OBJC_MSGSEND = YES;
				ENABLE_TESTABILITY = YES;
				GCC_C_LANGUAGE_STANDARD = gnu99;
				GCC_DYNAMIC_NO_PIC = NO;
				GCC_NO_COMMON_BLOCKS = YES;
				GCC_OPTIMIZATION_LEVEL = 0;
				GCC_PREPROCESSOR_DEFINITIONS = (
					"DEBUG=1",
					"$(inherited)",
				);
				GCC_WARN_64_TO_32_BIT_CONVERSION = YES;
				GCC_WARN_ABOUT_RETURN_TYPE = YES_ERROR;
				GCC_WARN_UNDECLARED_SELECTOR = YES;
				GCC_WARN_UNINITIALIZED_AUTOS = YES_AGGRESSIVE;
				GCC_WARN_UNUSED_FUNCTION = YES;
				GCC_WARN_UNUSED_VARIABLE = YES;
				IPHONEOS_DEPLOYMENT_TARGET = 10.3;
				MTL_ENABLE_DEBUG_INFO = YES;
				ONLY_ACTIVE_ARCH = YES;
				SDKROOT = iphoneos;
				SWIFT_ACTIVE_COMPILATION_CONDITIONS = DEBUG;
				SWIFT_OPTIMIZATION_LEVEL = "-Onone";
			};
			name = Debug;
		};
		27FE19BF1EFC5CD100ACDA6E /* Release */ = {
			isa = XCBuildConfiguration;
			buildSettings = {
				ALWAYS_SEARCH_USER_PATHS = NO;
				CLANG_ANALYZER_NONNULL = YES;
				CLANG_ANALYZER_NUMBER_OBJECT_CONVERSION = YES_AGGRESSIVE;
				CLANG_CXX_LANGUAGE_STANDARD = "gnu++0x";
				CLANG_CXX_LIBRARY = "libc++";
				CLANG_ENABLE_MODULES = YES;
				CLANG_ENABLE_OBJC_ARC = YES;
				CLANG_WARN_BOOL_CONVERSION = YES;
				CLANG_WARN_CONSTANT_CONVERSION = YES;
				CLANG_WARN_DIRECT_OBJC_ISA_USAGE = YES_ERROR;
				CLANG_WARN_DOCUMENTATION_COMMENTS = YES;
				CLANG_WARN_EMPTY_BODY = YES;
				CLANG_WARN_ENUM_CONVERSION = YES;
				CLANG_WARN_INFINITE_RECURSION = YES;
				CLANG_WARN_INT_CONVERSION = YES;
				CLANG_WARN_OBJC_ROOT_CLASS = YES_ERROR;
				CLANG_WARN_SUSPICIOUS_MOVE = YES;
				CLANG_WARN_UNREACHABLE_CODE = YES;
				CLANG_WARN__DUPLICATE_METHOD_MATCH = YES;
				"CODE_SIGN_IDENTITY[sdk=iphoneos*]" = "iPhone Developer";
				COPY_PHASE_STRIP = NO;
				DEBUG_INFORMATION_FORMAT = "dwarf-with-dsym";
				ENABLE_NS_ASSERTIONS = NO;
				ENABLE_STRICT_OBJC_MSGSEND = YES;
				GCC_C_LANGUAGE_STANDARD = gnu99;
				GCC_NO_COMMON_BLOCKS = YES;
				GCC_WARN_64_TO_32_BIT_CONVERSION = YES;
				GCC_WARN_ABOUT_RETURN_TYPE = YES_ERROR;
				GCC_WARN_UNDECLARED_SELECTOR = YES;
				GCC_WARN_UNINITIALIZED_AUTOS = YES_AGGRESSIVE;
				GCC_WARN_UNUSED_FUNCTION = YES;
				GCC_WARN_UNUSED_VARIABLE = YES;
				IPHONEOS_DEPLOYMENT_TARGET = 10.3;
				MTL_ENABLE_DEBUG_INFO = NO;
				SDKROOT = iphoneos;
				SWIFT_OPTIMIZATION_LEVEL = "-Owholemodule";
				VALIDATE_PRODUCT = YES;
			};
			name = Release;
		};
		27FE19C11EFC5CD100ACDA6E /* Debug */ = {
			isa = XCBuildConfiguration;
			buildSettings = {
				ASSETCATALOG_COMPILER_APPICON_NAME = AppIcon;
				DEVELOPMENT_TEAM = 63ARTNG4RQ;
				INFOPLIST_FILE = Nodetastic/Info.plist;
				LD_RUNPATH_SEARCH_PATHS = "$(inherited) @executable_path/Frameworks";
				PRODUCT_BUNDLE_IDENTIFIER = com.ECH.Nodetastic;
				PRODUCT_NAME = "$(TARGET_NAME)";
				SWIFT_VERSION = 3.0;
			};
			name = Debug;
		};
		27FE19C21EFC5CD100ACDA6E /* Release */ = {
			isa = XCBuildConfiguration;
			buildSettings = {
				ASSETCATALOG_COMPILER_APPICON_NAME = AppIcon;
				DEVELOPMENT_TEAM = 63ARTNG4RQ;
				INFOPLIST_FILE = Nodetastic/Info.plist;
				LD_RUNPATH_SEARCH_PATHS = "$(inherited) @executable_path/Frameworks";
				PRODUCT_BUNDLE_IDENTIFIER = com.ECH.Nodetastic;
				PRODUCT_NAME = "$(TARGET_NAME)";
				SWIFT_VERSION = 3.0;
			};
			name = Release;
		};
/* End XCBuildConfiguration section */

/* Begin XCConfigurationList section */
		27FE19A91EFC5CD100ACDA6E /* Build configuration list for PBXProject "Nodetastic" */ = {
			isa = XCConfigurationList;
			buildConfigurations = (
				27FE19BE1EFC5CD100ACDA6E /* Debug */,
				27FE19BF1EFC5CD100ACDA6E /* Release */,
			);
			defaultConfigurationIsVisible = 0;
			defaultConfigurationName = Release;
		};
		27FE19C01EFC5CD100ACDA6E /* Build configuration list for PBXNativeTarget "Nodetastic" */ = {
			isa = XCConfigurationList;
			buildConfigurations = (
				27FE19C11EFC5CD100ACDA6E /* Debug */,
				27FE19C21EFC5CD100ACDA6E /* Release */,
			);
			defaultConfigurationIsVisible = 0;
			defaultConfigurationName = Release;
		};
/* End XCConfigurationList section */
	};
	rootObject = 27FE19A61EFC5CD100ACDA6E /* Project object */;
}
